// !$*UTF8*$!
{
	archiveVersion = 1;
	classes = {
	};
	objectVersion = 50;
	objects = {

/* Begin PBXBuildFile section */
		17A9BC7522B5273B002F769B /* HtmlParser.swift in Sources */ = {isa = PBXBuildFile; fileRef = 17A9BC7422B5273B002F769B /* HtmlParser.swift */; };
		17A9BC7722B5284F002F769B /* Markdown.swift in Sources */ = {isa = PBXBuildFile; fileRef = 17A9BC7622B5284F002F769B /* Markdown.swift */; };
		17F940052350F0AD00FBFD54 /* Swinject+Extensions.swift in Sources */ = {isa = PBXBuildFile; fileRef = 17F940042350F0AD00FBFD54 /* Swinject+Extensions.swift */; };
		17FC6BA0237FEF7E00279589 /* LexinApiProvider.swift in Sources */ = {isa = PBXBuildFile; fileRef = 17FC6B9F237FEF7E00279589 /* LexinApiProvider.swift */; };
		17FC6BA1237FEF7E00279589 /* LexinApiProvider.swift in Sources */ = {isa = PBXBuildFile; fileRef = 17FC6B9F237FEF7E00279589 /* LexinApiProvider.swift */; };
		17FC6BA3237FFBEB00279589 /* LexinParserSuggestion.swift in Sources */ = {isa = PBXBuildFile; fileRef = 2F90DD3F2355FC1B00CE8560 /* LexinParserSuggestion.swift */; };
		17FC6BA523870ED900279589 /* LexinApiTests.swift in Sources */ = {isa = PBXBuildFile; fileRef = 17FC6BA423870ED900279589 /* LexinApiTests.swift */; };
		2F0D2B26237EA57B00F23F3B /* LexinApi.swift in Sources */ = {isa = PBXBuildFile; fileRef = 2F0D2B25237EA57B00F23F3B /* LexinApi.swift */; };
		2F0D2B27237EA57B00F23F3B /* LexinApi.swift in Sources */ = {isa = PBXBuildFile; fileRef = 2F0D2B25237EA57B00F23F3B /* LexinApi.swift */; };
		2F18E2E323437097003F91FD /* CacheService.swift in Sources */ = {isa = PBXBuildFile; fileRef = 2F18E2E223437097003F91FD /* CacheService.swift */; };
		2F18E2E4234381EA003F91FD /* CacheService.swift in Sources */ = {isa = PBXBuildFile; fileRef = 2F18E2E223437097003F91FD /* CacheService.swift */; };
		2F1E1E762344D8A1007C128B /* Cache.framework in CopyFiles */ = {isa = PBXBuildFile; fileRef = 2F1E1E752344D8A1007C128B /* Cache.framework */; settings = {ATTRIBUTES = (CodeSignOnCopy, RemoveHeadersOnCopy, ); }; };
		2F1E1E782344E6DB007C128B /* CacheServiceTests.swift in Sources */ = {isa = PBXBuildFile; fileRef = 2F1E1E772344E6DB007C128B /* CacheServiceTests.swift */; };
		2F1E1E7E23463434007C128B /* NetworkService.swift in Sources */ = {isa = PBXBuildFile; fileRef = 2F1E1E7D23463434007C128B /* NetworkService.swift */; };
		2F1E1E7F23463434007C128B /* NetworkService.swift in Sources */ = {isa = PBXBuildFile; fileRef = 2F1E1E7D23463434007C128B /* NetworkService.swift */; };
		2F266E8222AA8DBF0069D8B8 /* LexinServiceFormatter.swift in Sources */ = {isa = PBXBuildFile; fileRef = 2F266E8122AA8DBF0069D8B8 /* LexinServiceFormatter.swift */; };
		2F2EC4B422EB22FD00B1D4C7 /* SettingsTableViewController.swift in Sources */ = {isa = PBXBuildFile; fileRef = 2F2EC4B322EB22FD00B1D4C7 /* SettingsTableViewController.swift */; };
		2F2EC4B622EB259000B1D4C7 /* SettingsViewModel.swift in Sources */ = {isa = PBXBuildFile; fileRef = 2F2EC4B522EB259000B1D4C7 /* SettingsViewModel.swift */; };
		2F31739D22CCF84A008944EE /* SettingsLanguageViewModel.swift in Sources */ = {isa = PBXBuildFile; fileRef = 2F31739C22CCF84A008944EE /* SettingsLanguageViewModel.swift */; };
		2F31739F22CE3DB8008944EE /* SettingsLanguageTableViewCell.swift in Sources */ = {isa = PBXBuildFile; fileRef = 2F31739E22CE3DB8008944EE /* SettingsLanguageTableViewCell.swift */; };
		2F36F4572342544D00B88649 /* Cache.framework in Frameworks */ = {isa = PBXBuildFile; fileRef = 2F36F4562342544D00B88649 /* Cache.framework */; };
		2F393ACA233DFDE300F315FC /* WordsCellModelTests.swift in Sources */ = {isa = PBXBuildFile; fileRef = 2F393AC9233DFDE300F315FC /* WordsCellModelTests.swift */; };
		2F393ACC233E118100F315FC /* PlayerServiceTests.swift in Sources */ = {isa = PBXBuildFile; fileRef = 2F393ACB233E118100F315FC /* PlayerServiceTests.swift */; };
		2F393ACE233E255500F315FC /* DataCache.swift in Sources */ = {isa = PBXBuildFile; fileRef = 2F393ACD233E255500F315FC /* DataCache.swift */; };
		2F393ACF233E255500F315FC /* DataCache.swift in Sources */ = {isa = PBXBuildFile; fileRef = 2F393ACD233E255500F315FC /* DataCache.swift */; };
		2F3EE25A229D2EAC0083CDE9 /* Swinject.framework in Frameworks */ = {isa = PBXBuildFile; fileRef = 2F3EE258229D2EAC0083CDE9 /* Swinject.framework */; };
		2F3EE25B229D2EAC0083CDE9 /* SwinjectStoryboard.framework in Frameworks */ = {isa = PBXBuildFile; fileRef = 2F3EE259229D2EAC0083CDE9 /* SwinjectStoryboard.framework */; };
		2F3EE25C229D79AC0083CDE9 /* RxCocoa.framework in CopyFiles */ = {isa = PBXBuildFile; fileRef = 2F97576F2277474200B343B4 /* RxCocoa.framework */; settings = {ATTRIBUTES = (CodeSignOnCopy, RemoveHeadersOnCopy, ); }; };
		2F3EE25D229D79BE0083CDE9 /* RxSwift.framework in CopyFiles */ = {isa = PBXBuildFile; fileRef = 2F9757702277474200B343B4 /* RxSwift.framework */; settings = {ATTRIBUTES = (CodeSignOnCopy, RemoveHeadersOnCopy, ); }; };
		2F3EE25E229D79CC0083CDE9 /* RxRelay.framework in CopyFiles */ = {isa = PBXBuildFile; fileRef = 2FF62C91228DAAB400B4946C /* RxRelay.framework */; settings = {ATTRIBUTES = (CodeSignOnCopy, RemoveHeadersOnCopy, ); }; };
		2F3EE261229D7B7B0083CDE9 /* LexinServiceTests.swift in Sources */ = {isa = PBXBuildFile; fileRef = 2F3EE260229D7B7B0083CDE9 /* LexinServiceTests.swift */; };
		2F3EE262229D7F4E0083CDE9 /* RxBlocking.framework in CopyFiles */ = {isa = PBXBuildFile; fileRef = 2F97576C2277474200B343B4 /* RxBlocking.framework */; settings = {ATTRIBUTES = (CodeSignOnCopy, RemoveHeadersOnCopy, ); }; };
		2F5F8BAC2322879900EF6A85 /* ViewModel.swift in Sources */ = {isa = PBXBuildFile; fileRef = 2FF62CBC229444BE00B4946C /* ViewModel.swift */; };
		2F5F8BAD2322879900EF6A85 /* WordsViewModel.swift in Sources */ = {isa = PBXBuildFile; fileRef = 2FF62C80228AA89400B4946C /* WordsViewModel.swift */; };
		2F5F8BAE2322879900EF6A85 /* SettingsLanguageViewModel.swift in Sources */ = {isa = PBXBuildFile; fileRef = 2F31739C22CCF84A008944EE /* SettingsLanguageViewModel.swift */; };
		2F5F8BAF2322879900EF6A85 /* SettingsViewModel.swift in Sources */ = {isa = PBXBuildFile; fileRef = 2F2EC4B522EB259000B1D4C7 /* SettingsViewModel.swift */; };
		2F5F8BB02322879E00EF6A85 /* LexinService.swift in Sources */ = {isa = PBXBuildFile; fileRef = 2F97577822786F6F00B343B4 /* LexinService.swift */; };
		2F5F8BB12322879E00EF6A85 /* LexinServiceFormatter.swift in Sources */ = {isa = PBXBuildFile; fileRef = 2F266E8122AA8DBF0069D8B8 /* LexinServiceFormatter.swift */; };
		2F5F8BB3232287DA00EF6A85 /* Network.swift in Sources */ = {isa = PBXBuildFile; fileRef = 2FCB2DE022A111540053B758 /* Network.swift */; };
		2F5F8BB4232287DA00EF6A85 /* HtmlParser.swift in Sources */ = {isa = PBXBuildFile; fileRef = 17A9BC7422B5273B002F769B /* HtmlParser.swift */; };
		2F5F8BB6232287DA00EF6A85 /* Storage.swift in Sources */ = {isa = PBXBuildFile; fileRef = 2F7321862313E4A000CC0822 /* Storage.swift */; };
		2F5F8BB7232287DF00EF6A85 /* Result.swift in Sources */ = {isa = PBXBuildFile; fileRef = 2FDEFF5E2295494200A82F43 /* Result.swift */; };
		2F5F8BB9232289AA00EF6A85 /* Markdown.swift in Sources */ = {isa = PBXBuildFile; fileRef = 17A9BC7622B5284F002F769B /* Markdown.swift */; };
		2F5F8BBB23228BB000EF6A85 /* MarkdownKit.framework in CopyFiles */ = {isa = PBXBuildFile; fileRef = 2F5F8BBA23228BB000EF6A85 /* MarkdownKit.framework */; settings = {ATTRIBUTES = (CodeSignOnCopy, RemoveHeadersOnCopy, ); }; };
		2F5F8BBD23228C1600EF6A85 /* SwiftSoup.framework in CopyFiles */ = {isa = PBXBuildFile; fileRef = 2F5F8BBC23228C1600EF6A85 /* SwiftSoup.framework */; settings = {ATTRIBUTES = (CodeSignOnCopy, RemoveHeadersOnCopy, ); }; };
		2F5F8BBF2322A7DA00EF6A85 /* Player.swift in Sources */ = {isa = PBXBuildFile; fileRef = 2F5F8BBE2322A7DA00EF6A85 /* Player.swift */; };
		2F661B362272E16300C68A5F /* AppDelegate.swift in Sources */ = {isa = PBXBuildFile; fileRef = 2F661B352272E16300C68A5F /* AppDelegate.swift */; };
		2F661B382272E16300C68A5F /* WordsTableViewController.swift in Sources */ = {isa = PBXBuildFile; fileRef = 2F661B372272E16300C68A5F /* WordsTableViewController.swift */; };
		2F661B3A2272E16300C68A5F /* SettingsLanguageTableViewController.swift in Sources */ = {isa = PBXBuildFile; fileRef = 2F661B392272E16300C68A5F /* SettingsLanguageTableViewController.swift */; };
		2F661B3D2272E16300C68A5F /* Main.storyboard in Resources */ = {isa = PBXBuildFile; fileRef = 2F661B3B2272E16300C68A5F /* Main.storyboard */; };
		2F661B3F2272E16400C68A5F /* Assets.xcassets in Resources */ = {isa = PBXBuildFile; fileRef = 2F661B3E2272E16400C68A5F /* Assets.xcassets */; };
		2F661B422272E16400C68A5F /* LaunchScreen.storyboard in Resources */ = {isa = PBXBuildFile; fileRef = 2F661B402272E16400C68A5F /* LaunchScreen.storyboard */; };
		2F661B582272E16400C68A5F /* YASDUITests.swift in Sources */ = {isa = PBXBuildFile; fileRef = 2F661B572272E16400C68A5F /* YASDUITests.swift */; };
		2F69AD0722F81775001942E6 /* SettingsViewModelTests.swift in Sources */ = {isa = PBXBuildFile; fileRef = 2F69AD0622F81775001942E6 /* SettingsViewModelTests.swift */; };
		2F69AD0922F838C5001942E6 /* SettingsLanguageViewModelTests.swift in Sources */ = {isa = PBXBuildFile; fileRef = 2F69AD0822F838C5001942E6 /* SettingsLanguageViewModelTests.swift */; };
		2F7321872313E4A000CC0822 /* Storage.swift in Sources */ = {isa = PBXBuildFile; fileRef = 2F7321862313E4A000CC0822 /* Storage.swift */; };
		2F7DA16723882CB400E91C71 /* LexinParserSuggestionTests.swift in Sources */ = {isa = PBXBuildFile; fileRef = 2F7DA16623882CB400E91C71 /* LexinParserSuggestionTests.swift */; };
		2F7DA1692388303600E91C71 /* LexinApiProviderTests.swift in Sources */ = {isa = PBXBuildFile; fileRef = 2F7DA1682388303600E91C71 /* LexinApiProviderTests.swift */; };
		2F7DA16B2388395700E91C71 /* WordsSuggestionViewModelTests.swift in Sources */ = {isa = PBXBuildFile; fileRef = 2F7DA16A2388395700E91C71 /* WordsSuggestionViewModelTests.swift */; };
		2F7DA16D238C040900E91C71 /* NetworkServiceTests.swift in Sources */ = {isa = PBXBuildFile; fileRef = 2F7DA16C238C040900E91C71 /* NetworkServiceTests.swift */; };
		2F8030222338ECC0008D8730 /* WordsCellModel.swift in Sources */ = {isa = PBXBuildFile; fileRef = 2F8030212338ECC0008D8730 /* WordsCellModel.swift */; };
		2F803023233909D9008D8730 /* WordsCellModel.swift in Sources */ = {isa = PBXBuildFile; fileRef = 2F8030212338ECC0008D8730 /* WordsCellModel.swift */; };
		2F90DD3D2355FA2300CE8560 /* LexinParserWords.swift in Sources */ = {isa = PBXBuildFile; fileRef = 2F90DD3C2355FA2300CE8560 /* LexinParserWords.swift */; };
		2F90DD3E2355FA3800CE8560 /* LexinParserWords.swift in Sources */ = {isa = PBXBuildFile; fileRef = 2F90DD3C2355FA2300CE8560 /* LexinParserWords.swift */; };
		2F90DD402355FC1B00CE8560 /* LexinParserSuggestion.swift in Sources */ = {isa = PBXBuildFile; fileRef = 2F90DD3F2355FC1B00CE8560 /* LexinParserSuggestion.swift */; };
		2F97576A2277330500B343B4 /* DependencyManager.swift in Sources */ = {isa = PBXBuildFile; fileRef = 2F9757692277330500B343B4 /* DependencyManager.swift */; };
		2F9757762277474200B343B4 /* RxSwift.framework in Frameworks */ = {isa = PBXBuildFile; fileRef = 2F9757702277474200B343B4 /* RxSwift.framework */; };
		2F97577922786F6F00B343B4 /* LexinService.swift in Sources */ = {isa = PBXBuildFile; fileRef = 2F97577822786F6F00B343B4 /* LexinService.swift */; };
		2F9B8BB2232B88D2000D6BC1 /* Files.swift in Sources */ = {isa = PBXBuildFile; fileRef = 2F9B8BB1232B88D2000D6BC1 /* Files.swift */; };
		2F9B8BB4232BB709000D6BC1 /* PlayerService.swift in Sources */ = {isa = PBXBuildFile; fileRef = 2F9B8BB3232BB709000D6BC1 /* PlayerService.swift */; };
		2F9B8BB5233132BF000D6BC1 /* PlayerService.swift in Sources */ = {isa = PBXBuildFile; fileRef = 2F9B8BB3232BB709000D6BC1 /* PlayerService.swift */; };
		2F9B8BB62333C612000D6BC1 /* Player.swift in Sources */ = {isa = PBXBuildFile; fileRef = 2F5F8BBE2322A7DA00EF6A85 /* Player.swift */; };
		2F9B8BB72333C616000D6BC1 /* Files.swift in Sources */ = {isa = PBXBuildFile; fileRef = 2F9B8BB1232B88D2000D6BC1 /* Files.swift */; };
		2F9B8BB923350849000D6BC1 /* LexinServiceResultFormattedItem+Extensions.swift in Sources */ = {isa = PBXBuildFile; fileRef = 2F9B8BB823350849000D6BC1 /* LexinServiceResultFormattedItem+Extensions.swift */; };
		2FCB2DDF22A005180053B758 /* SwiftSoup.framework in Frameworks */ = {isa = PBXBuildFile; fileRef = 2FCB2DDE22A005180053B758 /* SwiftSoup.framework */; };
		2FCB2DE122A111540053B758 /* Network.swift in Sources */ = {isa = PBXBuildFile; fileRef = 2FCB2DE022A111540053B758 /* Network.swift */; };
		2FDCDBCF234F27DB00E6F15F /* WordsSuggestionTableViewController.swift in Sources */ = {isa = PBXBuildFile; fileRef = 2FDCDBCE234F27DB00E6F15F /* WordsSuggestionTableViewController.swift */; };
		2FDCDBD1234F31F800E6F15F /* WordsSuggestionViewModel.swift in Sources */ = {isa = PBXBuildFile; fileRef = 2FDCDBD0234F31F800E6F15F /* WordsSuggestionViewModel.swift */; };
		2FDCDBD2234F31F800E6F15F /* WordsSuggestionViewModel.swift in Sources */ = {isa = PBXBuildFile; fileRef = 2FDCDBD0234F31F800E6F15F /* WordsSuggestionViewModel.swift */; };
		2FDCDBD5234F6A0800E6F15F /* UISearchBar+Rx.swift in Sources */ = {isa = PBXBuildFile; fileRef = 2FDCDBD4234F6A0800E6F15F /* UISearchBar+Rx.swift */; };
		2FDCDBD7234F726C00E6F15F /* WordsSuggestionTableViewCell.swift in Sources */ = {isa = PBXBuildFile; fileRef = 2FDCDBD6234F726C00E6F15F /* WordsSuggestionTableViewCell.swift */; };
		2FDEFF5F2295494200A82F43 /* Result.swift in Sources */ = {isa = PBXBuildFile; fileRef = 2FDEFF5E2295494200A82F43 /* Result.swift */; };
		2FE7682022BCC30E00375292 /* LexinServiceFormatterTests.swift in Sources */ = {isa = PBXBuildFile; fileRef = 2FE7681F22BCC30E00375292 /* LexinServiceFormatterTests.swift */; };
		2FE7682222BCEEBA00375292 /* LexinParserWordsResultItem+Extensions.swift in Sources */ = {isa = PBXBuildFile; fileRef = 2FE7682122BCEEBA00375292 /* LexinParserWordsResultItem+Extensions.swift */; };
		2FF62C7F2289B4AA00B4946C /* WordsTableViewCell.swift in Sources */ = {isa = PBXBuildFile; fileRef = 2FF62C7E2289B4AA00B4946C /* WordsTableViewCell.swift */; };
		2FF62C81228AA89400B4946C /* WordsViewModel.swift in Sources */ = {isa = PBXBuildFile; fileRef = 2FF62C80228AA89400B4946C /* WordsViewModel.swift */; };
		2FF62C8A228D61AF00B4946C /* WordsViewModelTests.swift in Sources */ = {isa = PBXBuildFile; fileRef = 2FF62C89228D61AF00B4946C /* WordsViewModelTests.swift */; };
		2FF62C93228DAAE600B4946C /* RxCocoa.framework in Frameworks */ = {isa = PBXBuildFile; fileRef = 2F97576F2277474200B343B4 /* RxCocoa.framework */; };
		2FF62C97228E8DB300B4946C /* RxSwift.framework in Frameworks */ = {isa = PBXBuildFile; fileRef = 2F9757702277474200B343B4 /* RxSwift.framework */; };
		2FF62C98228E8DC900B4946C /* RxCocoa.framework in Frameworks */ = {isa = PBXBuildFile; fileRef = 2F97576F2277474200B343B4 /* RxCocoa.framework */; };
		2FF62C9A228E96EE00B4946C /* RxRelay.framework in Frameworks */ = {isa = PBXBuildFile; fileRef = 2FF62C91228DAAB400B4946C /* RxRelay.framework */; };
		2FF62C9C228E98EF00B4946C /* GeneratedMocks.swift in Sources */ = {isa = PBXBuildFile; fileRef = 2FF62C9B228E98EF00B4946C /* GeneratedMocks.swift */; };
		2FF62C9D228EEC3100B4946C /* Cuckoo.framework in Frameworks */ = {isa = PBXBuildFile; fileRef = 2FF62C8B228D6C0F00B4946C /* Cuckoo.framework */; };
		2FF62CA1228EF26200B4946C /* RxTest.framework in CopyFiles */ = {isa = PBXBuildFile; fileRef = 2F97576E2277474200B343B4 /* RxTest.framework */; settings = {ATTRIBUTES = (CodeSignOnCopy, RemoveHeadersOnCopy, ); }; };
		2FF62CBD229444BE00B4946C /* ViewModel.swift in Sources */ = {isa = PBXBuildFile; fileRef = 2FF62CBC229444BE00B4946C /* ViewModel.swift */; };
		2FFA8D31230E82DE006A0368 /* LexinParserWordsTests.swift in Sources */ = {isa = PBXBuildFile; fileRef = 2FFA8D30230E82DE006A0368 /* LexinParserWordsTests.swift */; };
		2FFF024722B2870800C1DC61 /* MarkdownKit.framework in Frameworks */ = {isa = PBXBuildFile; fileRef = 2FFF024622B2870800C1DC61 /* MarkdownKit.framework */; };
		2FFF024F22BA525000C1DC61 /* Cuckoo.framework in CopyFiles */ = {isa = PBXBuildFile; fileRef = 2FF62C8B228D6C0F00B4946C /* Cuckoo.framework */; settings = {ATTRIBUTES = (CodeSignOnCopy, RemoveHeadersOnCopy, ); }; };
/* End PBXBuildFile section */

/* Begin PBXContainerItemProxy section */
		2F661B492272E16400C68A5F /* PBXContainerItemProxy */ = {
			isa = PBXContainerItemProxy;
			containerPortal = 2F661B2A2272E16300C68A5F /* Project object */;
			proxyType = 1;
			remoteGlobalIDString = 2F661B312272E16300C68A5F;
			remoteInfo = YASD;
		};
		2F661B542272E16400C68A5F /* PBXContainerItemProxy */ = {
			isa = PBXContainerItemProxy;
			containerPortal = 2F661B2A2272E16300C68A5F /* Project object */;
			proxyType = 1;
			remoteGlobalIDString = 2F661B312272E16300C68A5F;
			remoteInfo = YASD;
		};
/* End PBXContainerItemProxy section */

/* Begin PBXCopyFilesBuildPhase section */
		2FF62C9E228EF13D00B4946C /* CopyFiles */ = {
			isa = PBXCopyFilesBuildPhase;
			buildActionMask = 2147483647;
			dstPath = "";
			dstSubfolderSpec = 10;
			files = (
				2F1E1E762344D8A1007C128B /* Cache.framework in CopyFiles */,
				2F5F8BBD23228C1600EF6A85 /* SwiftSoup.framework in CopyFiles */,
				2F5F8BBB23228BB000EF6A85 /* MarkdownKit.framework in CopyFiles */,
				2F3EE262229D7F4E0083CDE9 /* RxBlocking.framework in CopyFiles */,
				2F3EE25E229D79CC0083CDE9 /* RxRelay.framework in CopyFiles */,
				2F3EE25D229D79BE0083CDE9 /* RxSwift.framework in CopyFiles */,
				2F3EE25C229D79AC0083CDE9 /* RxCocoa.framework in CopyFiles */,
				2FFF024F22BA525000C1DC61 /* Cuckoo.framework in CopyFiles */,
				2FF62CA1228EF26200B4946C /* RxTest.framework in CopyFiles */,
			);
			runOnlyForDeploymentPostprocessing = 0;
		};
/* End PBXCopyFilesBuildPhase section */

/* Begin PBXFileReference section */
		17A9BC7422B5273B002F769B /* HtmlParser.swift */ = {isa = PBXFileReference; lastKnownFileType = sourcecode.swift; path = HtmlParser.swift; sourceTree = "<group>"; };
		17A9BC7622B5284F002F769B /* Markdown.swift */ = {isa = PBXFileReference; lastKnownFileType = sourcecode.swift; path = Markdown.swift; sourceTree = "<group>"; };
		17F940042350F0AD00FBFD54 /* Swinject+Extensions.swift */ = {isa = PBXFileReference; lastKnownFileType = sourcecode.swift; path = "Swinject+Extensions.swift"; sourceTree = "<group>"; };
		17FC6B9F237FEF7E00279589 /* LexinApiProvider.swift */ = {isa = PBXFileReference; lastKnownFileType = sourcecode.swift; path = LexinApiProvider.swift; sourceTree = "<group>"; };
		17FC6BA423870ED900279589 /* LexinApiTests.swift */ = {isa = PBXFileReference; lastKnownFileType = sourcecode.swift; path = LexinApiTests.swift; sourceTree = "<group>"; };
		2F0D2B25237EA57B00F23F3B /* LexinApi.swift */ = {isa = PBXFileReference; lastKnownFileType = sourcecode.swift; path = LexinApi.swift; sourceTree = "<group>"; };
		2F18E2E223437097003F91FD /* CacheService.swift */ = {isa = PBXFileReference; lastKnownFileType = sourcecode.swift; path = CacheService.swift; sourceTree = "<group>"; };
		2F1E1E752344D8A1007C128B /* Cache.framework */ = {isa = PBXFileReference; lastKnownFileType = wrapper.framework; name = Cache.framework; path = Carthage/Build/iOS/Cache.framework; sourceTree = "<group>"; };
		2F1E1E772344E6DB007C128B /* CacheServiceTests.swift */ = {isa = PBXFileReference; lastKnownFileType = sourcecode.swift; path = CacheServiceTests.swift; sourceTree = "<group>"; };
		2F1E1E7D23463434007C128B /* NetworkService.swift */ = {isa = PBXFileReference; lastKnownFileType = sourcecode.swift; path = NetworkService.swift; sourceTree = "<group>"; };
		2F266E8122AA8DBF0069D8B8 /* LexinServiceFormatter.swift */ = {isa = PBXFileReference; lastKnownFileType = sourcecode.swift; path = LexinServiceFormatter.swift; sourceTree = "<group>"; };
		2F2EC4B322EB22FD00B1D4C7 /* SettingsTableViewController.swift */ = {isa = PBXFileReference; lastKnownFileType = sourcecode.swift; path = SettingsTableViewController.swift; sourceTree = "<group>"; };
		2F2EC4B522EB259000B1D4C7 /* SettingsViewModel.swift */ = {isa = PBXFileReference; lastKnownFileType = sourcecode.swift; path = SettingsViewModel.swift; sourceTree = "<group>"; };
		2F31739C22CCF84A008944EE /* SettingsLanguageViewModel.swift */ = {isa = PBXFileReference; lastKnownFileType = sourcecode.swift; path = SettingsLanguageViewModel.swift; sourceTree = "<group>"; };
		2F31739E22CE3DB8008944EE /* SettingsLanguageTableViewCell.swift */ = {isa = PBXFileReference; lastKnownFileType = sourcecode.swift; path = SettingsLanguageTableViewCell.swift; sourceTree = "<group>"; };
		2F36F4562342544D00B88649 /* Cache.framework */ = {isa = PBXFileReference; lastKnownFileType = wrapper.framework; name = Cache.framework; path = Carthage/Build/iOS/Cache.framework; sourceTree = "<group>"; };
		2F393AC9233DFDE300F315FC /* WordsCellModelTests.swift */ = {isa = PBXFileReference; lastKnownFileType = sourcecode.swift; path = WordsCellModelTests.swift; sourceTree = "<group>"; };
		2F393ACB233E118100F315FC /* PlayerServiceTests.swift */ = {isa = PBXFileReference; lastKnownFileType = sourcecode.swift; path = PlayerServiceTests.swift; sourceTree = "<group>"; };
		2F393ACD233E255500F315FC /* DataCache.swift */ = {isa = PBXFileReference; lastKnownFileType = sourcecode.swift; path = DataCache.swift; sourceTree = "<group>"; };
		2F3C080B234245470091CD97 /* Haneke.framework */ = {isa = PBXFileReference; lastKnownFileType = wrapper.framework; name = Haneke.framework; path = Carthage/Build/iOS/Haneke.framework; sourceTree = "<group>"; };
		2F3EE258229D2EAC0083CDE9 /* Swinject.framework */ = {isa = PBXFileReference; lastKnownFileType = wrapper.framework; name = Swinject.framework; path = Carthage/Build/iOS/Swinject.framework; sourceTree = "<group>"; };
		2F3EE259229D2EAC0083CDE9 /* SwinjectStoryboard.framework */ = {isa = PBXFileReference; lastKnownFileType = wrapper.framework; name = SwinjectStoryboard.framework; path = Carthage/Build/iOS/SwinjectStoryboard.framework; sourceTree = "<group>"; };
		2F3EE260229D7B7B0083CDE9 /* LexinServiceTests.swift */ = {isa = PBXFileReference; lastKnownFileType = sourcecode.swift; path = LexinServiceTests.swift; sourceTree = "<group>"; };
		2F5F8BBA23228BB000EF6A85 /* MarkdownKit.framework */ = {isa = PBXFileReference; lastKnownFileType = wrapper.framework; name = MarkdownKit.framework; path = Carthage/Build/iOS/MarkdownKit.framework; sourceTree = "<group>"; };
		2F5F8BBC23228C1600EF6A85 /* SwiftSoup.framework */ = {isa = PBXFileReference; lastKnownFileType = wrapper.framework; name = SwiftSoup.framework; path = Carthage/Build/iOS/SwiftSoup.framework; sourceTree = "<group>"; };
		2F5F8BBE2322A7DA00EF6A85 /* Player.swift */ = {isa = PBXFileReference; lastKnownFileType = sourcecode.swift; path = Player.swift; sourceTree = "<group>"; };
		2F661B322272E16300C68A5F /* YASD.app */ = {isa = PBXFileReference; explicitFileType = wrapper.application; includeInIndex = 0; path = YASD.app; sourceTree = BUILT_PRODUCTS_DIR; };
		2F661B352272E16300C68A5F /* AppDelegate.swift */ = {isa = PBXFileReference; lastKnownFileType = sourcecode.swift; path = AppDelegate.swift; sourceTree = "<group>"; };
		2F661B372272E16300C68A5F /* WordsTableViewController.swift */ = {isa = PBXFileReference; lastKnownFileType = sourcecode.swift; path = WordsTableViewController.swift; sourceTree = "<group>"; };
		2F661B392272E16300C68A5F /* SettingsLanguageTableViewController.swift */ = {isa = PBXFileReference; lastKnownFileType = sourcecode.swift; path = SettingsLanguageTableViewController.swift; sourceTree = "<group>"; };
		2F661B3C2272E16300C68A5F /* Base */ = {isa = PBXFileReference; lastKnownFileType = file.storyboard; name = Base; path = Base.lproj/Main.storyboard; sourceTree = "<group>"; };
		2F661B3E2272E16400C68A5F /* Assets.xcassets */ = {isa = PBXFileReference; lastKnownFileType = folder.assetcatalog; path = Assets.xcassets; sourceTree = "<group>"; };
		2F661B412272E16400C68A5F /* Base */ = {isa = PBXFileReference; lastKnownFileType = file.storyboard; name = Base; path = Base.lproj/LaunchScreen.storyboard; sourceTree = "<group>"; };
		2F661B432272E16400C68A5F /* Info.plist */ = {isa = PBXFileReference; lastKnownFileType = text.plist.xml; path = Info.plist; sourceTree = "<group>"; };
		2F661B482272E16400C68A5F /* YASDTests.xctest */ = {isa = PBXFileReference; explicitFileType = wrapper.cfbundle; includeInIndex = 0; path = YASDTests.xctest; sourceTree = BUILT_PRODUCTS_DIR; };
		2F661B4E2272E16400C68A5F /* Info.plist */ = {isa = PBXFileReference; lastKnownFileType = text.plist.xml; path = Info.plist; sourceTree = "<group>"; };
		2F661B532272E16400C68A5F /* YASDUITests.xctest */ = {isa = PBXFileReference; explicitFileType = wrapper.cfbundle; includeInIndex = 0; path = YASDUITests.xctest; sourceTree = BUILT_PRODUCTS_DIR; };
		2F661B572272E16400C68A5F /* YASDUITests.swift */ = {isa = PBXFileReference; lastKnownFileType = sourcecode.swift; path = YASDUITests.swift; sourceTree = "<group>"; };
		2F661B592272E16400C68A5F /* Info.plist */ = {isa = PBXFileReference; lastKnownFileType = text.plist.xml; path = Info.plist; sourceTree = "<group>"; };
		2F69AD0622F81775001942E6 /* SettingsViewModelTests.swift */ = {isa = PBXFileReference; lastKnownFileType = sourcecode.swift; path = SettingsViewModelTests.swift; sourceTree = "<group>"; };
		2F69AD0822F838C5001942E6 /* SettingsLanguageViewModelTests.swift */ = {isa = PBXFileReference; lastKnownFileType = sourcecode.swift; path = SettingsLanguageViewModelTests.swift; sourceTree = "<group>"; };
		2F7321862313E4A000CC0822 /* Storage.swift */ = {isa = PBXFileReference; lastKnownFileType = sourcecode.swift; path = Storage.swift; sourceTree = "<group>"; };
		2F7DA16623882CB400E91C71 /* LexinParserSuggestionTests.swift */ = {isa = PBXFileReference; lastKnownFileType = sourcecode.swift; path = LexinParserSuggestionTests.swift; sourceTree = "<group>"; };
		2F7DA1682388303600E91C71 /* LexinApiProviderTests.swift */ = {isa = PBXFileReference; lastKnownFileType = sourcecode.swift; path = LexinApiProviderTests.swift; sourceTree = "<group>"; };
		2F7DA16A2388395700E91C71 /* WordsSuggestionViewModelTests.swift */ = {isa = PBXFileReference; lastKnownFileType = sourcecode.swift; path = WordsSuggestionViewModelTests.swift; sourceTree = "<group>"; };
		2F7DA16C238C040900E91C71 /* NetworkServiceTests.swift */ = {isa = PBXFileReference; lastKnownFileType = sourcecode.swift; path = NetworkServiceTests.swift; sourceTree = "<group>"; };
		2F8030212338ECC0008D8730 /* WordsCellModel.swift */ = {isa = PBXFileReference; lastKnownFileType = sourcecode.swift; path = WordsCellModel.swift; sourceTree = "<group>"; };
		2F90DD3C2355FA2300CE8560 /* LexinParserWords.swift */ = {isa = PBXFileReference; lastKnownFileType = sourcecode.swift; path = LexinParserWords.swift; sourceTree = "<group>"; };
		2F90DD3F2355FC1B00CE8560 /* LexinParserSuggestion.swift */ = {isa = PBXFileReference; lastKnownFileType = sourcecode.swift; path = LexinParserSuggestion.swift; sourceTree = "<group>"; };
		2F9757692277330500B343B4 /* DependencyManager.swift */ = {isa = PBXFileReference; lastKnownFileType = sourcecode.swift; path = DependencyManager.swift; sourceTree = "<group>"; };
		2F97576B2277474200B343B4 /* RxAtomic.framework */ = {isa = PBXFileReference; lastKnownFileType = wrapper.framework; name = RxAtomic.framework; path = Carthage/Build/iOS/RxAtomic.framework; sourceTree = "<group>"; };
		2F97576C2277474200B343B4 /* RxBlocking.framework */ = {isa = PBXFileReference; lastKnownFileType = wrapper.framework; name = RxBlocking.framework; path = Carthage/Build/iOS/RxBlocking.framework; sourceTree = "<group>"; };
		2F97576E2277474200B343B4 /* RxTest.framework */ = {isa = PBXFileReference; lastKnownFileType = wrapper.framework; name = RxTest.framework; path = Carthage/Build/iOS/RxTest.framework; sourceTree = "<group>"; };
		2F97576F2277474200B343B4 /* RxCocoa.framework */ = {isa = PBXFileReference; lastKnownFileType = wrapper.framework; name = RxCocoa.framework; path = Carthage/Build/iOS/RxCocoa.framework; sourceTree = "<group>"; };
		2F9757702277474200B343B4 /* RxSwift.framework */ = {isa = PBXFileReference; lastKnownFileType = wrapper.framework; name = RxSwift.framework; path = Carthage/Build/iOS/RxSwift.framework; sourceTree = "<group>"; };
		2F97577822786F6F00B343B4 /* LexinService.swift */ = {isa = PBXFileReference; lastKnownFileType = sourcecode.swift; path = LexinService.swift; sourceTree = "<group>"; };
		2F9B8BB1232B88D2000D6BC1 /* Files.swift */ = {isa = PBXFileReference; lastKnownFileType = sourcecode.swift; path = Files.swift; sourceTree = "<group>"; };
		2F9B8BB3232BB709000D6BC1 /* PlayerService.swift */ = {isa = PBXFileReference; lastKnownFileType = sourcecode.swift; path = PlayerService.swift; sourceTree = "<group>"; };
		2F9B8BB823350849000D6BC1 /* LexinServiceResultFormattedItem+Extensions.swift */ = {isa = PBXFileReference; lastKnownFileType = sourcecode.swift; path = "LexinServiceResultFormattedItem+Extensions.swift"; sourceTree = "<group>"; };
		2FCB2DDE22A005180053B758 /* SwiftSoup.framework */ = {isa = PBXFileReference; lastKnownFileType = wrapper.framework; name = SwiftSoup.framework; path = Carthage/Build/iOS/SwiftSoup.framework; sourceTree = "<group>"; };
		2FCB2DE022A111540053B758 /* Network.swift */ = {isa = PBXFileReference; lastKnownFileType = sourcecode.swift; path = Network.swift; sourceTree = "<group>"; };
		2FDCDBCE234F27DB00E6F15F /* WordsSuggestionTableViewController.swift */ = {isa = PBXFileReference; lastKnownFileType = sourcecode.swift; path = WordsSuggestionTableViewController.swift; sourceTree = "<group>"; };
		2FDCDBD0234F31F800E6F15F /* WordsSuggestionViewModel.swift */ = {isa = PBXFileReference; lastKnownFileType = sourcecode.swift; path = WordsSuggestionViewModel.swift; sourceTree = "<group>"; };
		2FDCDBD4234F6A0800E6F15F /* UISearchBar+Rx.swift */ = {isa = PBXFileReference; lastKnownFileType = sourcecode.swift; path = "UISearchBar+Rx.swift"; sourceTree = "<group>"; };
		2FDCDBD6234F726C00E6F15F /* WordsSuggestionTableViewCell.swift */ = {isa = PBXFileReference; lastKnownFileType = sourcecode.swift; path = WordsSuggestionTableViewCell.swift; sourceTree = "<group>"; };
		2FDEFF5E2295494200A82F43 /* Result.swift */ = {isa = PBXFileReference; lastKnownFileType = sourcecode.swift; path = Result.swift; sourceTree = "<group>"; };
		2FE7681F22BCC30E00375292 /* LexinServiceFormatterTests.swift */ = {isa = PBXFileReference; lastKnownFileType = sourcecode.swift; path = LexinServiceFormatterTests.swift; sourceTree = "<group>"; };
		2FE7682122BCEEBA00375292 /* LexinParserWordsResultItem+Extensions.swift */ = {isa = PBXFileReference; lastKnownFileType = sourcecode.swift; path = "LexinParserWordsResultItem+Extensions.swift"; sourceTree = "<group>"; };
		2FF62C7E2289B4AA00B4946C /* WordsTableViewCell.swift */ = {isa = PBXFileReference; lastKnownFileType = sourcecode.swift; path = WordsTableViewCell.swift; sourceTree = "<group>"; };
		2FF62C80228AA89400B4946C /* WordsViewModel.swift */ = {isa = PBXFileReference; lastKnownFileType = sourcecode.swift; path = WordsViewModel.swift; sourceTree = "<group>"; };
		2FF62C89228D61AF00B4946C /* WordsViewModelTests.swift */ = {isa = PBXFileReference; lastKnownFileType = sourcecode.swift; path = WordsViewModelTests.swift; sourceTree = "<group>"; };
		2FF62C8B228D6C0F00B4946C /* Cuckoo.framework */ = {isa = PBXFileReference; lastKnownFileType = wrapper.framework; name = Cuckoo.framework; path = Carthage/Build/iOS/Cuckoo.framework; sourceTree = "<group>"; };
		2FF62C91228DAAB400B4946C /* RxRelay.framework */ = {isa = PBXFileReference; lastKnownFileType = wrapper.framework; name = RxRelay.framework; path = Carthage/Build/iOS/RxRelay.framework; sourceTree = "<group>"; };
		2FF62C9B228E98EF00B4946C /* GeneratedMocks.swift */ = {isa = PBXFileReference; fileEncoding = 4; lastKnownFileType = sourcecode.swift; path = GeneratedMocks.swift; sourceTree = "<group>"; };
		2FF62CBC229444BE00B4946C /* ViewModel.swift */ = {isa = PBXFileReference; lastKnownFileType = sourcecode.swift; path = ViewModel.swift; sourceTree = "<group>"; };
		2FFA8D30230E82DE006A0368 /* LexinParserWordsTests.swift */ = {isa = PBXFileReference; lastKnownFileType = sourcecode.swift; path = LexinParserWordsTests.swift; sourceTree = "<group>"; };
		2FFF024622B2870800C1DC61 /* MarkdownKit.framework */ = {isa = PBXFileReference; lastKnownFileType = wrapper.framework; name = MarkdownKit.framework; path = Carthage/Build/iOS/MarkdownKit.framework; sourceTree = "<group>"; };
/* End PBXFileReference section */

/* Begin PBXFrameworksBuildPhase section */
		2F661B2F2272E16300C68A5F /* Frameworks */ = {
			isa = PBXFrameworksBuildPhase;
			buildActionMask = 2147483647;
			files = (
				2F36F4572342544D00B88649 /* Cache.framework in Frameworks */,
				2FFF024722B2870800C1DC61 /* MarkdownKit.framework in Frameworks */,
				2FCB2DDF22A005180053B758 /* SwiftSoup.framework in Frameworks */,
				2F3EE25A229D2EAC0083CDE9 /* Swinject.framework in Frameworks */,
				2F3EE25B229D2EAC0083CDE9 /* SwinjectStoryboard.framework in Frameworks */,
				2F9757762277474200B343B4 /* RxSwift.framework in Frameworks */,
				2FF62C93228DAAE600B4946C /* RxCocoa.framework in Frameworks */,
				2FF62C9A228E96EE00B4946C /* RxRelay.framework in Frameworks */,
			);
			runOnlyForDeploymentPostprocessing = 0;
		};
		2F661B452272E16400C68A5F /* Frameworks */ = {
			isa = PBXFrameworksBuildPhase;
			buildActionMask = 2147483647;
			files = (
				2FF62C9D228EEC3100B4946C /* Cuckoo.framework in Frameworks */,
			);
			runOnlyForDeploymentPostprocessing = 0;
		};
		2F661B502272E16400C68A5F /* Frameworks */ = {
			isa = PBXFrameworksBuildPhase;
			buildActionMask = 2147483647;
			files = (
				2FF62C98228E8DC900B4946C /* RxCocoa.framework in Frameworks */,
				2FF62C97228E8DB300B4946C /* RxSwift.framework in Frameworks */,
			);
			runOnlyForDeploymentPostprocessing = 0;
		};
/* End PBXFrameworksBuildPhase section */

/* Begin PBXGroup section */
		17A9BC7322B5271D002F769B /* Platform */ = {
			isa = PBXGroup;
			children = (
				2FCB2DE022A111540053B758 /* Network.swift */,
				17A9BC7422B5273B002F769B /* HtmlParser.swift */,
				17A9BC7622B5284F002F769B /* Markdown.swift */,
				2F7321862313E4A000CC0822 /* Storage.swift */,
				2F5F8BBE2322A7DA00EF6A85 /* Player.swift */,
				2F9B8BB1232B88D2000D6BC1 /* Files.swift */,
				2F393ACD233E255500F315FC /* DataCache.swift */,
			);
			path = Platform;
			sourceTree = "<group>";
		};
		17FC6BA2237FFBC400279589 /* LexinParser */ = {
			isa = PBXGroup;
			children = (
				2F90DD3C2355FA2300CE8560 /* LexinParserWords.swift */,
				2F90DD3F2355FC1B00CE8560 /* LexinParserSuggestion.swift */,
			);
			path = LexinParser;
			sourceTree = "<group>";
		};
		17FC6BA623870EE000279589 /* LexinApi */ = {
			isa = PBXGroup;
			children = (
				17FC6BA423870ED900279589 /* LexinApiTests.swift */,
				2F7DA1682388303600E91C71 /* LexinApiProviderTests.swift */,
			);
			path = LexinApi;
			sourceTree = "<group>";
		};
		2F0D2B21237E9B9E00F23F3B /* LexinApi */ = {
			isa = PBXGroup;
			children = (
				2F0D2B25237EA57B00F23F3B /* LexinApi.swift */,
				17FC6B9F237FEF7E00279589 /* LexinApiProvider.swift */,
			);
			path = LexinApi;
			sourceTree = "<group>";
		};
		2F1E1E7B23462D75007C128B /* LexinService */ = {
			isa = PBXGroup;
			children = (
				2F97577822786F6F00B343B4 /* LexinService.swift */,
				2F266E8122AA8DBF0069D8B8 /* LexinServiceFormatter.swift */,
			);
			path = LexinService;
			sourceTree = "<group>";
		};
		2F1E1E7C23462D87007C128B /* LexinService */ = {
			isa = PBXGroup;
			children = (
				2F3EE260229D7B7B0083CDE9 /* LexinServiceTests.swift */,
				2FE7681F22BCC30E00375292 /* LexinServiceFormatterTests.swift */,
			);
			path = LexinService;
			sourceTree = "<group>";
		};
		2F3EE2542297EC730083CDE9 /* ViewModel */ = {
			isa = PBXGroup;
			children = (
				2F7DA16A2388395700E91C71 /* WordsSuggestionViewModelTests.swift */,
				2FF62C89228D61AF00B4946C /* WordsViewModelTests.swift */,
				2F393AC9233DFDE300F315FC /* WordsCellModelTests.swift */,
				2F69AD0622F81775001942E6 /* SettingsViewModelTests.swift */,
				2F69AD0822F838C5001942E6 /* SettingsLanguageViewModelTests.swift */,
			);
			path = ViewModel;
			sourceTree = "<group>";
		};
		2F3EE25F229D7ADE0083CDE9 /* Service */ = {
			isa = PBXGroup;
			children = (
				2F7DA1612382DDBB00E91C71 /* LexinParser */,
				2F1E1E7C23462D87007C128B /* LexinService */,
				17FC6BA623870EE000279589 /* LexinApi */,
				2F393ACB233E118100F315FC /* PlayerServiceTests.swift */,
				2F1E1E772344E6DB007C128B /* CacheServiceTests.swift */,
				2F7DA16C238C040900E91C71 /* NetworkServiceTests.swift */,
			);
			path = Service;
			sourceTree = "<group>";
		};
		2F661B292272E16300C68A5F = {
			isa = PBXGroup;
			children = (
				2F1E1E752344D8A1007C128B /* Cache.framework */,
				2F5F8BBC23228C1600EF6A85 /* SwiftSoup.framework */,
				2F5F8BBA23228BB000EF6A85 /* MarkdownKit.framework */,
				2F661B342272E16300C68A5F /* YASD */,
				2F661B4B2272E16400C68A5F /* YASDTests */,
				2F661B562272E16400C68A5F /* YASDUITests */,
				2F661B332272E16300C68A5F /* Products */,
				2F97575A22772FED00B343B4 /* Frameworks */,
			);
			sourceTree = "<group>";
		};
		2F661B332272E16300C68A5F /* Products */ = {
			isa = PBXGroup;
			children = (
				2F661B322272E16300C68A5F /* YASD.app */,
				2F661B482272E16400C68A5F /* YASDTests.xctest */,
				2F661B532272E16400C68A5F /* YASDUITests.xctest */,
			);
			name = Products;
			sourceTree = "<group>";
		};
		2F661B342272E16300C68A5F /* YASD */ = {
			isa = PBXGroup;
			children = (
				2F7DA16423857DCD00E91C71 /* Model */,
				2FF62C88228D4B3900B4946C /* Common */,
				17A9BC7322B5271D002F769B /* Platform */,
				2FF62C87228D4B2B00B4946C /* Service */,
				2FF62C86228D4B0400B4946C /* ViewModel */,
				2FF62C85228D4AFF00B4946C /* View */,
				2FDCDBD3234F64A400E6F15F /* Utils */,
				2F661B3B2272E16300C68A5F /* Main.storyboard */,
				2F661B3E2272E16400C68A5F /* Assets.xcassets */,
				2F661B402272E16400C68A5F /* LaunchScreen.storyboard */,
				2F661B432272E16400C68A5F /* Info.plist */,
			);
			path = YASD;
			sourceTree = "<group>";
		};
		2F661B4B2272E16400C68A5F /* YASDTests */ = {
			isa = PBXGroup;
			children = (
				2F3EE25F229D7ADE0083CDE9 /* Service */,
				2F3EE2542297EC730083CDE9 /* ViewModel */,
				2FF62C9B228E98EF00B4946C /* GeneratedMocks.swift */,
				2FE7682122BCEEBA00375292 /* LexinParserWordsResultItem+Extensions.swift */,
				2F9B8BB823350849000D6BC1 /* LexinServiceResultFormattedItem+Extensions.swift */,
				2F661B4E2272E16400C68A5F /* Info.plist */,
			);
			path = YASDTests;
			sourceTree = "<group>";
		};
		2F661B562272E16400C68A5F /* YASDUITests */ = {
			isa = PBXGroup;
			children = (
				2F661B572272E16400C68A5F /* YASDUITests.swift */,
				2F661B592272E16400C68A5F /* Info.plist */,
			);
			path = YASDUITests;
			sourceTree = "<group>";
		};
		2F7DA1612382DDBB00E91C71 /* LexinParser */ = {
			isa = PBXGroup;
			children = (
				2FFA8D30230E82DE006A0368 /* LexinParserWordsTests.swift */,
				2F7DA16623882CB400E91C71 /* LexinParserSuggestionTests.swift */,
			);
			path = LexinParser;
			sourceTree = "<group>";
		};
		2F7DA16423857DCD00E91C71 /* Model */ = {
			isa = PBXGroup;
			children = (
			);
			path = Model;
			sourceTree = "<group>";
		};
		2F97575A22772FED00B343B4 /* Frameworks */ = {
			isa = PBXGroup;
			children = (
				2F36F4562342544D00B88649 /* Cache.framework */,
				2F3C080B234245470091CD97 /* Haneke.framework */,
				2FFF024622B2870800C1DC61 /* MarkdownKit.framework */,
				2FCB2DDE22A005180053B758 /* SwiftSoup.framework */,
				2F3EE258229D2EAC0083CDE9 /* Swinject.framework */,
				2F3EE259229D2EAC0083CDE9 /* SwinjectStoryboard.framework */,
				2FF62C91228DAAB400B4946C /* RxRelay.framework */,
				2FF62C8B228D6C0F00B4946C /* Cuckoo.framework */,
				2F97576B2277474200B343B4 /* RxAtomic.framework */,
				2F97576C2277474200B343B4 /* RxBlocking.framework */,
				2F97576F2277474200B343B4 /* RxCocoa.framework */,
				2F9757702277474200B343B4 /* RxSwift.framework */,
				2F97576E2277474200B343B4 /* RxTest.framework */,
			);
			name = Frameworks;
			sourceTree = "<group>";
		};
		2FDCDBD3234F64A400E6F15F /* Utils */ = {
			isa = PBXGroup;
			children = (
				2FDCDBD4234F6A0800E6F15F /* UISearchBar+Rx.swift */,
			);
			path = Utils;
			sourceTree = "<group>";
		};
		2FF62C85228D4AFF00B4946C /* View */ = {
			isa = PBXGroup;
			children = (
				2FDCDBCE234F27DB00E6F15F /* WordsSuggestionTableViewController.swift */,
				2FDCDBD6234F726C00E6F15F /* WordsSuggestionTableViewCell.swift */,
				2F661B372272E16300C68A5F /* WordsTableViewController.swift */,
				2FF62C7E2289B4AA00B4946C /* WordsTableViewCell.swift */,
				2F2EC4B322EB22FD00B1D4C7 /* SettingsTableViewController.swift */,
				2F661B392272E16300C68A5F /* SettingsLanguageTableViewController.swift */,
				2F31739E22CE3DB8008944EE /* SettingsLanguageTableViewCell.swift */,
			);
			path = View;
			sourceTree = "<group>";
		};
		2FF62C86228D4B0400B4946C /* ViewModel */ = {
			isa = PBXGroup;
			children = (
				2FF62CBC229444BE00B4946C /* ViewModel.swift */,
				2FDCDBD0234F31F800E6F15F /* WordsSuggestionViewModel.swift */,
				2FF62C80228AA89400B4946C /* WordsViewModel.swift */,
				2F8030212338ECC0008D8730 /* WordsCellModel.swift */,
				2F31739C22CCF84A008944EE /* SettingsLanguageViewModel.swift */,
				2F2EC4B522EB259000B1D4C7 /* SettingsViewModel.swift */,
			);
			path = ViewModel;
			sourceTree = "<group>";
		};
		2FF62C87228D4B2B00B4946C /* Service */ = {
			isa = PBXGroup;
			children = (
				17FC6BA2237FFBC400279589 /* LexinParser */,
				2F1E1E7B23462D75007C128B /* LexinService */,
				2F0D2B21237E9B9E00F23F3B /* LexinApi */,
				2F9B8BB3232BB709000D6BC1 /* PlayerService.swift */,
				2F18E2E223437097003F91FD /* CacheService.swift */,
				2F1E1E7D23463434007C128B /* NetworkService.swift */,
			);
			path = Service;
			sourceTree = "<group>";
		};
		2FF62C88228D4B3900B4946C /* Common */ = {
			isa = PBXGroup;
			children = (
				2F661B352272E16300C68A5F /* AppDelegate.swift */,
				2F9757692277330500B343B4 /* DependencyManager.swift */,
				2FDEFF5E2295494200A82F43 /* Result.swift */,
				17F940042350F0AD00FBFD54 /* Swinject+Extensions.swift */,
			);
			path = Common;
			sourceTree = "<group>";
		};
/* End PBXGroup section */

/* Begin PBXNativeTarget section */
		2F661B312272E16300C68A5F /* YASD */ = {
			isa = PBXNativeTarget;
			buildConfigurationList = 2F661B5C2272E16400C68A5F /* Build configuration list for PBXNativeTarget "YASD" */;
			buildPhases = (
				2F661B2E2272E16300C68A5F /* Sources */,
				2F661B2F2272E16300C68A5F /* Frameworks */,
				2F661B302272E16300C68A5F /* Resources */,
				2F97575922772FB200B343B4 /* Carthage Copy */,
			);
			buildRules = (
			);
			dependencies = (
			);
			name = YASD;
			productName = YASD;
			productReference = 2F661B322272E16300C68A5F /* YASD.app */;
			productType = "com.apple.product-type.application";
		};
		2F661B472272E16400C68A5F /* YASDTests */ = {
			isa = PBXNativeTarget;
			buildConfigurationList = 2F661B5F2272E16400C68A5F /* Build configuration list for PBXNativeTarget "YASDTests" */;
			buildPhases = (
				2FF62C8E228D8E0800B4946C /* Generate Mock */,
				2F661B442272E16400C68A5F /* Sources */,
				2F661B452272E16400C68A5F /* Frameworks */,
				2F661B462272E16400C68A5F /* Resources */,
				2FF62C9E228EF13D00B4946C /* CopyFiles */,
			);
			buildRules = (
			);
			dependencies = (
				2F661B4A2272E16400C68A5F /* PBXTargetDependency */,
			);
			name = YASDTests;
			productName = YASDTests;
			productReference = 2F661B482272E16400C68A5F /* YASDTests.xctest */;
			productType = "com.apple.product-type.bundle.unit-test";
		};
		2F661B522272E16400C68A5F /* YASDUITests */ = {
			isa = PBXNativeTarget;
			buildConfigurationList = 2F661B622272E16400C68A5F /* Build configuration list for PBXNativeTarget "YASDUITests" */;
			buildPhases = (
				2F661B4F2272E16400C68A5F /* Sources */,
				2F661B502272E16400C68A5F /* Frameworks */,
				2F661B512272E16400C68A5F /* Resources */,
			);
			buildRules = (
			);
			dependencies = (
				2F661B552272E16400C68A5F /* PBXTargetDependency */,
			);
			name = YASDUITests;
			productName = YASDUITests;
			productReference = 2F661B532272E16400C68A5F /* YASDUITests.xctest */;
			productType = "com.apple.product-type.bundle.ui-testing";
		};
/* End PBXNativeTarget section */

/* Begin PBXProject section */
		2F661B2A2272E16300C68A5F /* Project object */ = {
			isa = PBXProject;
			attributes = {
				LastSwiftUpdateCheck = 1020;
				LastUpgradeCheck = 1020;
				ORGANIZATIONNAME = yac;
				TargetAttributes = {
					2F661B312272E16300C68A5F = {
						CreatedOnToolsVersion = 10.2.1;
					};
					2F661B472272E16400C68A5F = {
						CreatedOnToolsVersion = 10.2.1;
					};
					2F661B522272E16400C68A5F = {
						CreatedOnToolsVersion = 10.2.1;
						TestTargetID = 2F661B312272E16300C68A5F;
					};
				};
			};
			buildConfigurationList = 2F661B2D2272E16300C68A5F /* Build configuration list for PBXProject "YASD" */;
			compatibilityVersion = "Xcode 9.3";
			developmentRegion = en;
			hasScannedForEncodings = 0;
			knownRegions = (
				en,
				Base,
			);
			mainGroup = 2F661B292272E16300C68A5F;
			productRefGroup = 2F661B332272E16300C68A5F /* Products */;
			projectDirPath = "";
			projectRoot = "";
			targets = (
				2F661B312272E16300C68A5F /* YASD */,
				2F661B472272E16400C68A5F /* YASDTests */,
				2F661B522272E16400C68A5F /* YASDUITests */,
			);
		};
/* End PBXProject section */

/* Begin PBXResourcesBuildPhase section */
		2F661B302272E16300C68A5F /* Resources */ = {
			isa = PBXResourcesBuildPhase;
			buildActionMask = 2147483647;
			files = (
				2F661B422272E16400C68A5F /* LaunchScreen.storyboard in Resources */,
				2F661B3F2272E16400C68A5F /* Assets.xcassets in Resources */,
				2F661B3D2272E16300C68A5F /* Main.storyboard in Resources */,
			);
			runOnlyForDeploymentPostprocessing = 0;
		};
		2F661B462272E16400C68A5F /* Resources */ = {
			isa = PBXResourcesBuildPhase;
			buildActionMask = 2147483647;
			files = (
			);
			runOnlyForDeploymentPostprocessing = 0;
		};
		2F661B512272E16400C68A5F /* Resources */ = {
			isa = PBXResourcesBuildPhase;
			buildActionMask = 2147483647;
			files = (
			);
			runOnlyForDeploymentPostprocessing = 0;
		};
/* End PBXResourcesBuildPhase section */

/* Begin PBXShellScriptBuildPhase section */
		2F97575922772FB200B343B4 /* Carthage Copy */ = {
			isa = PBXShellScriptBuildPhase;
			buildActionMask = 2147483647;
			files = (
			);
			inputFileListPaths = (
			);
			inputPaths = (
				"$(SRCROOT)/Carthage/Build/iOS/RxSwift.framework",
				"$(SRCROOT)/Carthage/Build/iOS/RxCocoa.framework",
				"$(SRCROOT)/Carthage/Build/iOS/RxRelay.framework",
				"$(SRCROOT)/Carthage/Build/iOS/Swinject.framework",
				"$(SRCROOT)/Carthage/Build/iOS/SwinjectStoryboard.framework",
				"$(SRCROOT)/Carthage/Build/iOS/SwiftSoup.framework",
				"$(SRCROOT)/Carthage/Build/iOS/MarkdownKit.framework",
				"$(SRCROOT)/Carthage/Build/iOS/Cache.framework",
			);
			name = "Carthage Copy";
			outputFileListPaths = (
			);
			outputPaths = (
				"$(BUILT_PRODUCTS_DIR)/$(FRAMEWORKS_FOLDER_PATH)/RxSwift.framework",
				"$(BUILT_PRODUCTS_DIR)/$(FRAMEWORKS_FOLDER_PATH)/RxCocoa.framework",
				"$(BUILT_PRODUCTS_DIR)/$(FRAMEWORKS_FOLDER_PATH)/RxRelay.framework",
				"$(BUILT_PRODUCTS_DIR)/$(FRAMEWORKS_FOLDER_PATH)/Swinject.framework",
				"$(BUILT_PRODUCTS_DIR)/$(FRAMEWORKS_FOLDER_PATH)/SwinjectStoryboard.framework",
				"$(BUILT_PRODUCTS_DIR)/$(FRAMEWORKS_FOLDER_PATH)/SwiftSoup.framework",
				"$(BUILT_PRODUCTS_DIR)/$(FRAMEWORKS_FOLDER_PATH)/MarkdownKit.framework",
				"$(BUILT_PRODUCTS_DIR)/$(FRAMEWORKS_FOLDER_PATH)/Cache.framework",
			);
			runOnlyForDeploymentPostprocessing = 0;
			shellPath = /bin/sh;
			shellScript = "/usr/local/bin/carthage copy-frameworks\n";
		};
		2FF62C8E228D8E0800B4946C /* Generate Mock */ = {
			isa = PBXShellScriptBuildPhase;
			buildActionMask = 2147483647;
			files = (
			);
			inputFileListPaths = (
			);
			inputPaths = (
			);
			name = "Generate Mock";
			outputFileListPaths = (
			);
			outputPaths = (
			);
			runOnlyForDeploymentPostprocessing = 0;
			shellPath = /bin/sh;
			shellScript = "# Define output file. Change \"${PROJECT_DIR}/${PROJECT_NAME}Tests\" to your test's root source folder, if it's not the default name.\nOUTPUT_FILE=\"${PROJECT_DIR}/${PROJECT_NAME}Tests/GeneratedMocks.swift\"\necho \"Generated Mocks File = ${OUTPUT_FILE}\"\n\n# Define input directory. Change \"${PROJECT_DIR}/${PROJECT_NAME}\" to your project's root source folder, if it's not the default name.\nINPUT_DIR=\"${PROJECT_DIR}/${PROJECT_NAME}\"\necho \"Mocks Input Directory = ${INPUT_DIR}\"\n\n# Generate mock files, include as many input files as you'd like to create mocks for.\n\"${PROJECT_DIR}/Carthage/Checkouts/Cuckoo/run\" generate --testable \"${PROJECT_NAME}\" \\\n--output \"${OUTPUT_FILE}\" \\\n\"${INPUT_DIR}/ViewModel/WordsTableViewModel.swift\" \\\n\"${INPUT_DIR}/Service/LexinService/LexinService.swift\" \\\n\"${INPUT_DIR}/Service/LexinService/LexinServiceFormatter.swift\" \\\n\"${INPUT_DIR}/Service/LexinParser/LexinParserWords.swift\" \\\n\"${INPUT_DIR}/Service/LexinParser/LexinParserSuggestion.swift\" \\\n\"${INPUT_DIR}/Service/LexinApi/LexinApi.swift\" \\\n\"${INPUT_DIR}/Service/LexinApi/LexinApiProvider.swift\" \\\n\"${INPUT_DIR}/Service/PlayerService.swift\" \\\n\"${INPUT_DIR}/Service/CacheService.swift\" \\\n\"${INPUT_DIR}/Service/NetworkService.swift\" \\\n\"${INPUT_DIR}/Platform/Network.swift\" \\\n\"${INPUT_DIR}/Platform/HtmlParser.swift\" \\\n\"${INPUT_DIR}/Platform/Markdown.swift\" \\\n\"${INPUT_DIR}/Platform/Storage.swift\" \\\n\"${INPUT_DIR}/Platform/Player.swift\" \\\n\"${INPUT_DIR}/Platform/Files.swift\" \\\n\"${INPUT_DIR}/Platform/DataCache.swift\"\n# ... and so forth, the last line should never end with a backslash\n\n# After running once, locate `GeneratedMocks.swift` and drag it into your Xcode test target group.\n";
		};
/* End PBXShellScriptBuildPhase section */

/* Begin PBXSourcesBuildPhase section */
		2F661B2E2272E16300C68A5F /* Sources */ = {
			isa = PBXSourcesBuildPhase;
			buildActionMask = 2147483647;
			files = (
				17FC6BA0237FEF7E00279589 /* LexinApiProvider.swift in Sources */,
				2F31739D22CCF84A008944EE /* SettingsLanguageViewModel.swift in Sources */,
				2F0D2B26237EA57B00F23F3B /* LexinApi.swift in Sources */,
				2FCB2DE122A111540053B758 /* Network.swift in Sources */,
				17A9BC7522B5273B002F769B /* HtmlParser.swift in Sources */,
				2F9B8BB2232B88D2000D6BC1 /* Files.swift in Sources */,
				2F18E2E323437097003F91FD /* CacheService.swift in Sources */,
				2FDCDBD1234F31F800E6F15F /* WordsSuggestionViewModel.swift in Sources */,
				2FDEFF5F2295494200A82F43 /* Result.swift in Sources */,
				2F97576A2277330500B343B4 /* DependencyManager.swift in Sources */,
				2FF62C81228AA89400B4946C /* WordsViewModel.swift in Sources */,
				2F393ACE233E255500F315FC /* DataCache.swift in Sources */,
				2F266E8222AA8DBF0069D8B8 /* LexinServiceFormatter.swift in Sources */,
				2F5F8BBF2322A7DA00EF6A85 /* Player.swift in Sources */,
				17A9BC7722B5284F002F769B /* Markdown.swift in Sources */,
				2F2EC4B622EB259000B1D4C7 /* SettingsViewModel.swift in Sources */,
				2F31739F22CE3DB8008944EE /* SettingsLanguageTableViewCell.swift in Sources */,
				2F90DD402355FC1B00CE8560 /* LexinParserSuggestion.swift in Sources */,
				2FF62C7F2289B4AA00B4946C /* WordsTableViewCell.swift in Sources */,
				2F661B3A2272E16300C68A5F /* SettingsLanguageTableViewController.swift in Sources */,
				2F90DD3D2355FA2300CE8560 /* LexinParserWords.swift in Sources */,
				2FDCDBD7234F726C00E6F15F /* WordsSuggestionTableViewCell.swift in Sources */,
				2F97577922786F6F00B343B4 /* LexinService.swift in Sources */,
				2F8030222338ECC0008D8730 /* WordsCellModel.swift in Sources */,
				2F2EC4B422EB22FD00B1D4C7 /* SettingsTableViewController.swift in Sources */,
				2FDCDBCF234F27DB00E6F15F /* WordsSuggestionTableViewController.swift in Sources */,
				2F661B362272E16300C68A5F /* AppDelegate.swift in Sources */,
				2F9B8BB4232BB709000D6BC1 /* PlayerService.swift in Sources */,
				2FF62CBD229444BE00B4946C /* ViewModel.swift in Sources */,
				2F1E1E7E23463434007C128B /* NetworkService.swift in Sources */,
				17F940052350F0AD00FBFD54 /* Swinject+Extensions.swift in Sources */,
				2FDCDBD5234F6A0800E6F15F /* UISearchBar+Rx.swift in Sources */,
				2F661B382272E16300C68A5F /* WordsTableViewController.swift in Sources */,
				2F7321872313E4A000CC0822 /* Storage.swift in Sources */,
			);
			runOnlyForDeploymentPostprocessing = 0;
		};
		2F661B442272E16400C68A5F /* Sources */ = {
			isa = PBXSourcesBuildPhase;
			buildActionMask = 2147483647;
			files = (
				2F7DA1692388303600E91C71 /* LexinApiProviderTests.swift in Sources */,
				2F393ACF233E255500F315FC /* DataCache.swift in Sources */,
				2F9B8BB62333C612000D6BC1 /* Player.swift in Sources */,
				2F1E1E782344E6DB007C128B /* CacheServiceTests.swift in Sources */,
				2F1E1E7F23463434007C128B /* NetworkService.swift in Sources */,
				2F3EE261229D7B7B0083CDE9 /* LexinServiceTests.swift in Sources */,
				2F7DA16B2388395700E91C71 /* WordsSuggestionViewModelTests.swift in Sources */,
				2F5F8BAC2322879900EF6A85 /* ViewModel.swift in Sources */,
				2F18E2E4234381EA003F91FD /* CacheService.swift in Sources */,
				2F393ACA233DFDE300F315FC /* WordsCellModelTests.swift in Sources */,
				2F7DA16D238C040900E91C71 /* NetworkServiceTests.swift in Sources */,
				2F803023233909D9008D8730 /* WordsCellModel.swift in Sources */,
				2F5F8BB3232287DA00EF6A85 /* Network.swift in Sources */,
				2F5F8BB6232287DA00EF6A85 /* Storage.swift in Sources */,
				2FFA8D31230E82DE006A0368 /* LexinParserWordsTests.swift in Sources */,
				2F9B8BB72333C616000D6BC1 /* Files.swift in Sources */,
				2F5F8BB7232287DF00EF6A85 /* Result.swift in Sources */,
				2FE7682222BCEEBA00375292 /* LexinParserWordsResultItem+Extensions.swift in Sources */,
				2F69AD0922F838C5001942E6 /* SettingsLanguageViewModelTests.swift in Sources */,
				2F0D2B27237EA57B00F23F3B /* LexinApi.swift in Sources */,
				2F9B8BB923350849000D6BC1 /* LexinServiceResultFormattedItem+Extensions.swift in Sources */,
				2FF62C9C228E98EF00B4946C /* GeneratedMocks.swift in Sources */,
				2F5F8BB02322879E00EF6A85 /* LexinService.swift in Sources */,
				2F5F8BB12322879E00EF6A85 /* LexinServiceFormatter.swift in Sources */,
				2F7DA16723882CB400E91C71 /* LexinParserSuggestionTests.swift in Sources */,
				2FF62C8A228D61AF00B4946C /* WordsViewModelTests.swift in Sources */,
				2FE7682022BCC30E00375292 /* LexinServiceFormatterTests.swift in Sources */,
				2F90DD3E2355FA3800CE8560 /* LexinParserWords.swift in Sources */,
				2F5F8BAD2322879900EF6A85 /* WordsViewModel.swift in Sources */,
				2F9B8BB5233132BF000D6BC1 /* PlayerService.swift in Sources */,
				2F393ACC233E118100F315FC /* PlayerServiceTests.swift in Sources */,
				17FC6BA523870ED900279589 /* LexinApiTests.swift in Sources */,
				2F69AD0722F81775001942E6 /* SettingsViewModelTests.swift in Sources */,
				2F5F8BB9232289AA00EF6A85 /* Markdown.swift in Sources */,
				2F5F8BAE2322879900EF6A85 /* SettingsLanguageViewModel.swift in Sources */,
				17FC6BA3237FFBEB00279589 /* LexinParserSuggestion.swift in Sources */,
				2F5F8BB4232287DA00EF6A85 /* HtmlParser.swift in Sources */,
				17FC6BA1237FEF7E00279589 /* LexinApiProvider.swift in Sources */,
				2FDCDBD2234F31F800E6F15F /* WordsSuggestionViewModel.swift in Sources */,
				2F5F8BAF2322879900EF6A85 /* SettingsViewModel.swift in Sources */,
			);
			runOnlyForDeploymentPostprocessing = 0;
		};
		2F661B4F2272E16400C68A5F /* Sources */ = {
			isa = PBXSourcesBuildPhase;
			buildActionMask = 2147483647;
			files = (
				2F661B582272E16400C68A5F /* YASDUITests.swift in Sources */,
			);
			runOnlyForDeploymentPostprocessing = 0;
		};
/* End PBXSourcesBuildPhase section */

/* Begin PBXTargetDependency section */
		2F661B4A2272E16400C68A5F /* PBXTargetDependency */ = {
			isa = PBXTargetDependency;
			target = 2F661B312272E16300C68A5F /* YASD */;
			targetProxy = 2F661B492272E16400C68A5F /* PBXContainerItemProxy */;
		};
		2F661B552272E16400C68A5F /* PBXTargetDependency */ = {
			isa = PBXTargetDependency;
			target = 2F661B312272E16300C68A5F /* YASD */;
			targetProxy = 2F661B542272E16400C68A5F /* PBXContainerItemProxy */;
		};
/* End PBXTargetDependency section */

/* Begin PBXVariantGroup section */
		2F661B3B2272E16300C68A5F /* Main.storyboard */ = {
			isa = PBXVariantGroup;
			children = (
				2F661B3C2272E16300C68A5F /* Base */,
			);
			name = Main.storyboard;
			sourceTree = "<group>";
		};
		2F661B402272E16400C68A5F /* LaunchScreen.storyboard */ = {
			isa = PBXVariantGroup;
			children = (
				2F661B412272E16400C68A5F /* Base */,
			);
			name = LaunchScreen.storyboard;
			sourceTree = "<group>";
		};
/* End PBXVariantGroup section */

/* Begin XCBuildConfiguration section */
		2F661B5A2272E16400C68A5F /* Debug */ = {
			isa = XCBuildConfiguration;
			buildSettings = {
				ALWAYS_SEARCH_USER_PATHS = NO;
				CLANG_ANALYZER_NONNULL = YES;
				CLANG_ANALYZER_NUMBER_OBJECT_CONVERSION = YES_AGGRESSIVE;
				CLANG_CXX_LANGUAGE_STANDARD = "gnu++14";
				CLANG_CXX_LIBRARY = "libc++";
				CLANG_ENABLE_MODULES = YES;
				CLANG_ENABLE_OBJC_ARC = YES;
				CLANG_ENABLE_OBJC_WEAK = YES;
				CLANG_WARN_BLOCK_CAPTURE_AUTORELEASING = YES;
				CLANG_WARN_BOOL_CONVERSION = YES;
				CLANG_WARN_COMMA = YES;
				CLANG_WARN_CONSTANT_CONVERSION = YES;
				CLANG_WARN_DEPRECATED_OBJC_IMPLEMENTATIONS = YES;
				CLANG_WARN_DIRECT_OBJC_ISA_USAGE = YES_ERROR;
				CLANG_WARN_DOCUMENTATION_COMMENTS = YES;
				CLANG_WARN_EMPTY_BODY = YES;
				CLANG_WARN_ENUM_CONVERSION = YES;
				CLANG_WARN_INFINITE_RECURSION = YES;
				CLANG_WARN_INT_CONVERSION = YES;
				CLANG_WARN_NON_LITERAL_NULL_CONVERSION = YES;
				CLANG_WARN_OBJC_IMPLICIT_RETAIN_SELF = YES;
				CLANG_WARN_OBJC_LITERAL_CONVERSION = YES;
				CLANG_WARN_OBJC_ROOT_CLASS = YES_ERROR;
				CLANG_WARN_RANGE_LOOP_ANALYSIS = YES;
				CLANG_WARN_STRICT_PROTOTYPES = YES;
				CLANG_WARN_SUSPICIOUS_MOVE = YES;
				CLANG_WARN_UNGUARDED_AVAILABILITY = YES_AGGRESSIVE;
				CLANG_WARN_UNREACHABLE_CODE = YES;
				CLANG_WARN__DUPLICATE_METHOD_MATCH = YES;
				CODE_SIGN_IDENTITY = "iPhone Developer";
				COPY_PHASE_STRIP = NO;
				DEBUG_INFORMATION_FORMAT = dwarf;
				ENABLE_STRICT_OBJC_MSGSEND = YES;
				ENABLE_TESTABILITY = YES;
				GCC_C_LANGUAGE_STANDARD = gnu11;
				GCC_DYNAMIC_NO_PIC = NO;
				GCC_NO_COMMON_BLOCKS = YES;
				GCC_OPTIMIZATION_LEVEL = 0;
				GCC_PREPROCESSOR_DEFINITIONS = (
					"DEBUG=1",
					"$(inherited)",
				);
				GCC_WARN_64_TO_32_BIT_CONVERSION = YES;
				GCC_WARN_ABOUT_RETURN_TYPE = YES_ERROR;
				GCC_WARN_UNDECLARED_SELECTOR = YES;
				GCC_WARN_UNINITIALIZED_AUTOS = YES_AGGRESSIVE;
				GCC_WARN_UNUSED_FUNCTION = YES;
				GCC_WARN_UNUSED_VARIABLE = YES;
				IPHONEOS_DEPLOYMENT_TARGET = 12.2;
				MTL_ENABLE_DEBUG_INFO = INCLUDE_SOURCE;
				MTL_FAST_MATH = YES;
				ONLY_ACTIVE_ARCH = YES;
				SDKROOT = iphoneos;
				SWIFT_ACTIVE_COMPILATION_CONDITIONS = DEBUG;
				SWIFT_OPTIMIZATION_LEVEL = "-Onone";
			};
			name = Debug;
		};
		2F661B5B2272E16400C68A5F /* Release */ = {
			isa = XCBuildConfiguration;
			buildSettings = {
				ALWAYS_SEARCH_USER_PATHS = NO;
				CLANG_ANALYZER_NONNULL = YES;
				CLANG_ANALYZER_NUMBER_OBJECT_CONVERSION = YES_AGGRESSIVE;
				CLANG_CXX_LANGUAGE_STANDARD = "gnu++14";
				CLANG_CXX_LIBRARY = "libc++";
				CLANG_ENABLE_MODULES = YES;
				CLANG_ENABLE_OBJC_ARC = YES;
				CLANG_ENABLE_OBJC_WEAK = YES;
				CLANG_WARN_BLOCK_CAPTURE_AUTORELEASING = YES;
				CLANG_WARN_BOOL_CONVERSION = YES;
				CLANG_WARN_COMMA = YES;
				CLANG_WARN_CONSTANT_CONVERSION = YES;
				CLANG_WARN_DEPRECATED_OBJC_IMPLEMENTATIONS = YES;
				CLANG_WARN_DIRECT_OBJC_ISA_USAGE = YES_ERROR;
				CLANG_WARN_DOCUMENTATION_COMMENTS = YES;
				CLANG_WARN_EMPTY_BODY = YES;
				CLANG_WARN_ENUM_CONVERSION = YES;
				CLANG_WARN_INFINITE_RECURSION = YES;
				CLANG_WARN_INT_CONVERSION = YES;
				CLANG_WARN_NON_LITERAL_NULL_CONVERSION = YES;
				CLANG_WARN_OBJC_IMPLICIT_RETAIN_SELF = YES;
				CLANG_WARN_OBJC_LITERAL_CONVERSION = YES;
				CLANG_WARN_OBJC_ROOT_CLASS = YES_ERROR;
				CLANG_WARN_RANGE_LOOP_ANALYSIS = YES;
				CLANG_WARN_STRICT_PROTOTYPES = YES;
				CLANG_WARN_SUSPICIOUS_MOVE = YES;
				CLANG_WARN_UNGUARDED_AVAILABILITY = YES_AGGRESSIVE;
				CLANG_WARN_UNREACHABLE_CODE = YES;
				CLANG_WARN__DUPLICATE_METHOD_MATCH = YES;
				CODE_SIGN_IDENTITY = "iPhone Developer";
				COPY_PHASE_STRIP = NO;
				DEBUG_INFORMATION_FORMAT = "dwarf-with-dsym";
				ENABLE_NS_ASSERTIONS = NO;
				ENABLE_STRICT_OBJC_MSGSEND = YES;
				GCC_C_LANGUAGE_STANDARD = gnu11;
				GCC_NO_COMMON_BLOCKS = YES;
				GCC_WARN_64_TO_32_BIT_CONVERSION = YES;
				GCC_WARN_ABOUT_RETURN_TYPE = YES_ERROR;
				GCC_WARN_UNDECLARED_SELECTOR = YES;
				GCC_WARN_UNINITIALIZED_AUTOS = YES_AGGRESSIVE;
				GCC_WARN_UNUSED_FUNCTION = YES;
				GCC_WARN_UNUSED_VARIABLE = YES;
				IPHONEOS_DEPLOYMENT_TARGET = 12.2;
				MTL_ENABLE_DEBUG_INFO = NO;
				MTL_FAST_MATH = YES;
				SDKROOT = iphoneos;
				SWIFT_COMPILATION_MODE = wholemodule;
				SWIFT_OPTIMIZATION_LEVEL = "-O";
				VALIDATE_PRODUCT = YES;
			};
			name = Release;
		};
		2F661B5D2272E16400C68A5F /* Debug */ = {
			isa = XCBuildConfiguration;
			buildSettings = {
				ASSETCATALOG_COMPILER_APPICON_NAME = AppIcon;
				CODE_SIGN_STYLE = Automatic;
				DEVELOPMENT_TEAM = R5S3B7XJFC;
				FRAMEWORK_SEARCH_PATHS = (
					"$(inherited)",
					"$(PROJECT_DIR)/Carthage/Build/iOS",
				);
				HEADER_SEARCH_PATHS = "";
				INFOPLIST_FILE = YASD/Info.plist;
				LD_RUNPATH_SEARCH_PATHS = (
					"$(inherited)",
					"@executable_path/Frameworks",
				);
				PRODUCT_BUNDLE_IDENTIFIER = com.yac.YASD;
				PRODUCT_NAME = "$(TARGET_NAME)";
				SWIFT_VERSION = 5.0;
				TARGETED_DEVICE_FAMILY = "1,2";
			};
			name = Debug;
		};
		2F661B5E2272E16400C68A5F /* Release */ = {
			isa = XCBuildConfiguration;
			buildSettings = {
				ASSETCATALOG_COMPILER_APPICON_NAME = AppIcon;
				CODE_SIGN_STYLE = Automatic;
				DEVELOPMENT_TEAM = R5S3B7XJFC;
				FRAMEWORK_SEARCH_PATHS = (
					"$(inherited)",
					"$(PROJECT_DIR)/Carthage/Build/iOS",
				);
				HEADER_SEARCH_PATHS = "";
				INFOPLIST_FILE = YASD/Info.plist;
				LD_RUNPATH_SEARCH_PATHS = (
					"$(inherited)",
					"@executable_path/Frameworks",
				);
				PRODUCT_BUNDLE_IDENTIFIER = com.yac.YASD;
				PRODUCT_NAME = "$(TARGET_NAME)";
				SWIFT_VERSION = 5.0;
				TARGETED_DEVICE_FAMILY = "1,2";
			};
			name = Release;
		};
		2F661B602272E16400C68A5F /* Debug */ = {
			isa = XCBuildConfiguration;
			buildSettings = {
				ALWAYS_EMBED_SWIFT_STANDARD_LIBRARIES = YES;
				CODE_SIGN_STYLE = Automatic;
				DEVELOPMENT_TEAM = R5S3B7XJFC;
				FRAMEWORK_SEARCH_PATHS = (
					"$(inherited)",
					"$(PROJECT_DIR)/Carthage/Build/iOS",
				);
				INFOPLIST_FILE = YASDTests/Info.plist;
				LD_RUNPATH_SEARCH_PATHS = (
					"$(inherited)",
					"@executable_path/Frameworks",
					"@loader_path/Frameworks",
				);
				PRODUCT_BUNDLE_IDENTIFIER = com.yac.YASDTests;
				PRODUCT_NAME = "$(TARGET_NAME)";
				SWIFT_VERSION = 5.0;
				TARGETED_DEVICE_FAMILY = "1,2";
			};
			name = Debug;
		};
		2F661B612272E16400C68A5F /* Release */ = {
			isa = XCBuildConfiguration;
			buildSettings = {
				ALWAYS_EMBED_SWIFT_STANDARD_LIBRARIES = YES;
				CODE_SIGN_STYLE = Automatic;
				DEVELOPMENT_TEAM = R5S3B7XJFC;
				FRAMEWORK_SEARCH_PATHS = (
					"$(inherited)",
					"$(PROJECT_DIR)/Carthage/Build/iOS",
				);
				INFOPLIST_FILE = YASDTests/Info.plist;
				LD_RUNPATH_SEARCH_PATHS = (
					"$(inherited)",
					"@executable_path/Frameworks",
					"@loader_path/Frameworks",
				);
				PRODUCT_BUNDLE_IDENTIFIER = com.yac.YASDTests;
				PRODUCT_NAME = "$(TARGET_NAME)";
				SWIFT_VERSION = 5.0;
				TARGETED_DEVICE_FAMILY = "1,2";
			};
			name = Release;
		};
		2F661B632272E16400C68A5F /* Debug */ = {
			isa = XCBuildConfiguration;
			buildSettings = {
				ALWAYS_EMBED_SWIFT_STANDARD_LIBRARIES = YES;
				CODE_SIGN_STYLE = Automatic;
				DEVELOPMENT_TEAM = R5S3B7XJFC;
				FRAMEWORK_SEARCH_PATHS = (
					"$(inherited)",
					"$(PROJECT_DIR)/Carthage/Build/iOS",
				);
				INFOPLIST_FILE = YASDUITests/Info.plist;
				LD_RUNPATH_SEARCH_PATHS = (
					"$(inherited)",
					"@executable_path/Frameworks",
					"@loader_path/Frameworks",
				);
				PRODUCT_BUNDLE_IDENTIFIER = com.yac.YASDUITests;
				PRODUCT_NAME = "$(TARGET_NAME)";
				SWIFT_VERSION = 5.0;
				TARGETED_DEVICE_FAMILY = "1,2";
				TEST_TARGET_NAME = YASD;
			};
			name = Debug;
		};
		2F661B642272E16400C68A5F /* Release */ = {
			isa = XCBuildConfiguration;
			buildSettings = {
				ALWAYS_EMBED_SWIFT_STANDARD_LIBRARIES = YES;
				CODE_SIGN_STYLE = Automatic;
				DEVELOPMENT_TEAM = R5S3B7XJFC;
				FRAMEWORK_SEARCH_PATHS = (
					"$(inherited)",
					"$(PROJECT_DIR)/Carthage/Build/iOS",
				);
				INFOPLIST_FILE = YASDUITests/Info.plist;
				LD_RUNPATH_SEARCH_PATHS = (
					"$(inherited)",
					"@executable_path/Frameworks",
					"@loader_path/Frameworks",
				);
				PRODUCT_BUNDLE_IDENTIFIER = com.yac.YASDUITests;
				PRODUCT_NAME = "$(TARGET_NAME)";
				SWIFT_VERSION = 5.0;
				TARGETED_DEVICE_FAMILY = "1,2";
				TEST_TARGET_NAME = YASD;
			};
			name = Release;
		};
/* End XCBuildConfiguration section */

/* Begin XCConfigurationList section */
		2F661B2D2272E16300C68A5F /* Build configuration list for PBXProject "YASD" */ = {
			isa = XCConfigurationList;
			buildConfigurations = (
				2F661B5A2272E16400C68A5F /* Debug */,
				2F661B5B2272E16400C68A5F /* Release */,
			);
			defaultConfigurationIsVisible = 0;
			defaultConfigurationName = Release;
		};
		2F661B5C2272E16400C68A5F /* Build configuration list for PBXNativeTarget "YASD" */ = {
			isa = XCConfigurationList;
			buildConfigurations = (
				2F661B5D2272E16400C68A5F /* Debug */,
				2F661B5E2272E16400C68A5F /* Release */,
			);
			defaultConfigurationIsVisible = 0;
			defaultConfigurationName = Release;
		};
		2F661B5F2272E16400C68A5F /* Build configuration list for PBXNativeTarget "YASDTests" */ = {
			isa = XCConfigurationList;
			buildConfigurations = (
				2F661B602272E16400C68A5F /* Debug */,
				2F661B612272E16400C68A5F /* Release */,
			);
			defaultConfigurationIsVisible = 0;
			defaultConfigurationName = Release;
		};
		2F661B622272E16400C68A5F /* Build configuration list for PBXNativeTarget "YASDUITests" */ = {
			isa = XCConfigurationList;
			buildConfigurations = (
				2F661B632272E16400C68A5F /* Debug */,
				2F661B642272E16400C68A5F /* Release */,
			);
			defaultConfigurationIsVisible = 0;
			defaultConfigurationName = Release;
		};
/* End XCConfigurationList section */
	};
	rootObject = 2F661B2A2272E16300C68A5F /* Project object */;
}
